
Microsoft Visual Studio Solution File, Format Version 12.00
# Visual Studio Version 17
VisualStudioVersion = 17.2.32516.85
MinimumVisualStudioVersion = 10.0.40219.1
Project("{9A19103F-16F7-4668-BE54-9A1E7A4F7556}") = "BulkyBookWeb", "BulkyBookWeb\BulkyBookWeb.csproj", "{BBBDA1F2-50E9-439F-AD52-2EFDD20CD344}"
EndProject
Project("{FAE04EC0-301F-11D3-BF4B-00C04F79EFBC}") = "Bulkybook.DataAccess", "Bulkybook.DataAccess\Bulkybook.DataAccess.csproj", "{895B9174-3350-4965-A863-FA43A777CA04}"
EndProject
Project("{FAE04EC0-301F-11D3-BF4B-00C04F79EFBC}") = "BulkyBook.Models", "BulkyBook.Models\BulkyBook.Models.csproj", "{1D4936C2-42B9-4E2B-8C96-F68B4A3A0AEA}"
EndProject
Project("{FAE04EC0-301F-11D3-BF4B-00C04F79EFBC}") = "BulkyBook.Utility", "BulkyBook.Utility\BulkyBook.Utility.csproj", "{559243CD-6C0A-4F7A-8325-4CC12E7DD073}"
EndProject
Global
	GlobalSection(SolutionConfigurationPlatforms) = preSolution
		Debug|Any CPU = Debug|Any CPU
		Release|Any CPU = Release|Any CPU
	EndGlobalSection
	GlobalSection(ProjectConfigurationPlatforms) = postSolution
		{BBBDA1F2-50E9-439F-AD52-2EFDD20CD344}.Debug|Any CPU.ActiveCfg = Debug|Any CPU
		{BBBDA1F2-50E9-439F-AD52-2EFDD20CD344}.Debug|Any CPU.Build.0 = Debug|Any CPU
		{BBBDA1F2-50E9-439F-AD52-2EFDD20CD344}.Release|Any CPU.ActiveCfg = Release|Any CPU
		{BBBDA1F2-50E9-439F-AD52-2EFDD20CD344}.Release|Any CPU.Build.0 = Release|Any CPU
		{895B9174-3350-4965-A863-FA43A777CA04}.Debug|Any CPU.ActiveCfg = Debug|Any CPU
		{895B9174-3350-4965-A863-FA43A777CA04}.Debug|Any CPU.Build.0 = Debug|Any CPU
		{895B9174-3350-4965-A863-FA43A777CA04}.Release|Any CPU.ActiveCfg = Release|Any CPU
		{895B9174-3350-4965-A863-FA43A777CA04}.Release|Any CPU.Build.0 = Release|Any CPU
		{1D4936C2-42B9-4E2B-8C96-F68B4A3A0AEA}.Debug|Any CPU.ActiveCfg = Debug|Any CPU
		{1D4936C2-42B9-4E2B-8C96-F68B4A3A0AEA}.Debug|Any CPU.Build.0 = Debug|Any CPU
		{1D4936C2-42B9-4E2B-8C96-F68B4A3A0AEA}.Release|Any CPU.ActiveCfg = Release|Any CPU
		{1D4936C2-42B9-4E2B-8C96-F68B4A3A0AEA}.Release|Any CPU.Build.0 = Release|Any CPU
		{559243CD-6C0A-4F7A-8325-4CC12E7DD073}.Debug|Any CPU.ActiveCfg = Debug|Any CPU
		{559243CD-6C0A-4F7A-8325-4CC12E7DD073}.Debug|Any CPU.Build.0 = Debug|Any CPU
		{559243CD-6C0A-4F7A-8325-4CC12E7DD073}.Release|Any CPU.ActiveCfg = Release|Any CPU
		{559243CD-6C0A-4F7A-8325-4CC12E7DD073}.Release|Any CPU.Build.0 = Release|Any CPU
	EndGlobalSection
	GlobalSection(SolutionProperties) = preSolution
		HideSolutionNode = FALSE
	EndGlobalSection
	GlobalSection(ExtensibilityGlobals) = postSolution
		SolutionGuid = {33C45508-D7A7-45A6-AAB1-AD0D359E583A}
	EndGlobalSection
EndGlobal
